
Microsoft Visual Studio Solution File, Format Version 12.00
# Visual Studio Version 17
VisualStudioVersion = 17.8.34330.188
MinimumVisualStudioVersion = 10.0.40219.1
Project("{FAE04EC0-301F-11D3-BF4B-00C04F79EFBC}") = "WindowsFormsApp7", "WindowsFormsApp7\WindowsFormsApp7.csproj", "{383B0EF4-1C80-418C-B38A-2232543101BB}"
EndProject
Project("{2150E333-8FDC-42A3-9474-1A3956D46DE8}") = "Элементы решения", "Элементы решения", "{699ADAF5-104E-4225-9E9B-19F6E4C445C3}"
	ProjectSection(SolutionItems) = preProject
		WindowsFormsApp7\bin\Debug\base.xml = WindowsFormsApp7\bin\Debug\base.xml
	EndProjectSection
EndProject
Global
	GlobalSection(SolutionConfigurationPlatforms) = preSolution
		Debug|Any CPU = Debug|Any CPU
		Release|Any CPU = Release|Any CPU
	EndGlobalSection
	GlobalSection(ProjectConfigurationPlatforms) = postSolution
		{383B0EF4-1C80-418C-B38A-2232543101BB}.Debug|Any CPU.ActiveCfg = Debug|Any CPU
		{383B0EF4-1C80-418C-B38A-2232543101BB}.Debug|Any CPU.Build.0 = Debug|Any CPU
		{383B0EF4-1C80-418C-B38A-2232543101BB}.Release|Any CPU.ActiveCfg = Release|Any CPU
		{383B0EF4-1C80-418C-B38A-2232543101BB}.Release|Any CPU.Build.0 = Release|Any CPU
	EndGlobalSection
	GlobalSection(SolutionProperties) = preSolution
		HideSolutionNode = FALSE
	EndGlobalSection
	GlobalSection(ExtensibilityGlobals) = postSolution
		SolutionGuid = {4EF0579F-9FF2-460B-8137-E5EB91AFE6EB}
	EndGlobalSection
EndGlobal
